// !$*UTF8*$!
{
	archiveVersion = 1;
	classes = {
	};
	objectVersion = 52;
	objects = {

/* Begin PBXBuildFile section */
		2816B646239C204F00815CD5 /* MakerListView.swift in Sources */ = {isa = PBXBuildFile; fileRef = 2816B645239C204F00815CD5 /* MakerListView.swift */; };
		287AFC09239D16400093ECF4 /* MakerView.swift in Sources */ = {isa = PBXBuildFile; fileRef = 287AFC08239D163F0093ECF4 /* MakerView.swift */; };
		287AFC0C239D2FC00093ECF4 /* BetterSheet in Frameworks */ = {isa = PBXBuildFile; productRef = 287AFC0B239D2FC00093ECF4 /* BetterSheet */; };
		287AFC0F239D31370093ECF4 /* StartView.swift in Sources */ = {isa = PBXBuildFile; fileRef = 287AFC0E239D31370093ECF4 /* StartView.swift */; };
		287AFC11239D32550093ECF4 /* StartModalView.swift in Sources */ = {isa = PBXBuildFile; fileRef = 287AFC10239D32550093ECF4 /* StartModalView.swift */; };
		2882472E23C48A9D0036032F /* TwoColumnView.swift in Sources */ = {isa = PBXBuildFile; fileRef = 2882472D23C48A9D0036032F /* TwoColumnView.swift */; };
		28A43AC923C4835800D9C69B /* CarMakerViewModel.swift in Sources */ = {isa = PBXBuildFile; fileRef = 28A43AC823C4835800D9C69B /* CarMakerViewModel.swift */; };
		28ABE4B1239C0EEE00CE217B /* AppDelegate.swift in Sources */ = {isa = PBXBuildFile; fileRef = 28ABE4B0239C0EEE00CE217B /* AppDelegate.swift */; };
		28ABE4B3239C0EEE00CE217B /* SceneDelegate.swift in Sources */ = {isa = PBXBuildFile; fileRef = 28ABE4B2239C0EEE00CE217B /* SceneDelegate.swift */; };
		28ABE4B5239C0EEE00CE217B /* MainView.swift in Sources */ = {isa = PBXBuildFile; fileRef = 28ABE4B4239C0EEE00CE217B /* MainView.swift */; };
		28ABE4B7239C0EEF00CE217B /* Assets.xcassets in Resources */ = {isa = PBXBuildFile; fileRef = 28ABE4B6239C0EEF00CE217B /* Assets.xcassets */; };
		28ABE4BA239C0EEF00CE217B /* Preview Assets.xcassets in Resources */ = {isa = PBXBuildFile; fileRef = 28ABE4B9239C0EEF00CE217B /* Preview Assets.xcassets */; };
		28ABE4BD239C0EEF00CE217B /* LaunchScreen.storyboard in Resources */ = {isa = PBXBuildFile; fileRef = 28ABE4BB239C0EEF00CE217B /* LaunchScreen.storyboard */; };
		28D5F21F23C480B700A45A55 /* ActivityIndicator.swift in Sources */ = {isa = PBXBuildFile; fileRef = 28D5F21E23C480B700A45A55 /* ActivityIndicator.swift */; };
/* End PBXBuildFile section */

/* Begin PBXFileReference section */
		2816B645239C204F00815CD5 /* MakerListView.swift */ = {isa = PBXFileReference; lastKnownFileType = sourcecode.swift; path = MakerListView.swift; sourceTree = "<group>"; };
		287AFC08239D163F0093ECF4 /* MakerView.swift */ = {isa = PBXFileReference; lastKnownFileType = sourcecode.swift; path = MakerView.swift; sourceTree = "<group>"; };
		287AFC0E239D31370093ECF4 /* StartView.swift */ = {isa = PBXFileReference; lastKnownFileType = sourcecode.swift; path = StartView.swift; sourceTree = "<group>"; };
		287AFC10239D32550093ECF4 /* StartModalView.swift */ = {isa = PBXFileReference; lastKnownFileType = sourcecode.swift; path = StartModalView.swift; sourceTree = "<group>"; };
		2882472D23C48A9D0036032F /* TwoColumnView.swift */ = {isa = PBXFileReference; lastKnownFileType = sourcecode.swift; path = TwoColumnView.swift; sourceTree = "<group>"; };
		28A43AC823C4835800D9C69B /* CarMakerViewModel.swift */ = {isa = PBXFileReference; lastKnownFileType = sourcecode.swift; path = CarMakerViewModel.swift; sourceTree = "<group>"; };
		28ABE4AD239C0EEE00CE217B /* SwiftUIHomeWork.app */ = {isa = PBXFileReference; explicitFileType = wrapper.application; includeInIndex = 0; path = SwiftUIHomeWork.app; sourceTree = BUILT_PRODUCTS_DIR; };
		28ABE4B0239C0EEE00CE217B /* AppDelegate.swift */ = {isa = PBXFileReference; lastKnownFileType = sourcecode.swift; path = AppDelegate.swift; sourceTree = "<group>"; };
		28ABE4B2239C0EEE00CE217B /* SceneDelegate.swift */ = {isa = PBXFileReference; lastKnownFileType = sourcecode.swift; path = SceneDelegate.swift; sourceTree = "<group>"; };
		28ABE4B4239C0EEE00CE217B /* MainView.swift */ = {isa = PBXFileReference; lastKnownFileType = sourcecode.swift; path = MainView.swift; sourceTree = "<group>"; };
		28ABE4B6239C0EEF00CE217B /* Assets.xcassets */ = {isa = PBXFileReference; lastKnownFileType = folder.assetcatalog; path = Assets.xcassets; sourceTree = "<group>"; };
		28ABE4B9239C0EEF00CE217B /* Preview Assets.xcassets */ = {isa = PBXFileReference; lastKnownFileType = folder.assetcatalog; path = "Preview Assets.xcassets"; sourceTree = "<group>"; };
		28ABE4BC239C0EEF00CE217B /* Base */ = {isa = PBXFileReference; lastKnownFileType = file.storyboard; name = Base; path = Base.lproj/LaunchScreen.storyboard; sourceTree = "<group>"; };
		28ABE4BE239C0EEF00CE217B /* Info.plist */ = {isa = PBXFileReference; lastKnownFileType = text.plist.xml; path = Info.plist; sourceTree = "<group>"; };
		28D5F21E23C480B700A45A55 /* ActivityIndicator.swift */ = {isa = PBXFileReference; lastKnownFileType = sourcecode.swift; path = ActivityIndicator.swift; sourceTree = "<group>"; };
/* End PBXFileReference section */

/* Begin PBXFrameworksBuildPhase section */
		28ABE4AA239C0EEE00CE217B /* Frameworks */ = {
			isa = PBXFrameworksBuildPhase;
			buildActionMask = 2147483647;
			files = (
				287AFC0C239D2FC00093ECF4 /* BetterSheet in Frameworks */,
			);
			runOnlyForDeploymentPostprocessing = 0;
		};
/* End PBXFrameworksBuildPhase section */

/* Begin PBXGroup section */
		287AFC0D239D31040093ECF4 /* Views */ = {
			isa = PBXGroup;
			children = (
				28ABE4B4239C0EEE00CE217B /* MainView.swift */,
				2816B645239C204F00815CD5 /* MakerListView.swift */,
				287AFC08239D163F0093ECF4 /* MakerView.swift */,
				287AFC0E239D31370093ECF4 /* StartView.swift */,
				287AFC10239D32550093ECF4 /* StartModalView.swift */,
				2882472D23C48A9D0036032F /* TwoColumnView.swift */,
			);
			path = Views;
			sourceTree = "<group>";
		};
		28A43AC723C4834200D9C69B /* ViewModels */ = {
			isa = PBXGroup;
			children = (
				28A43AC823C4835800D9C69B /* CarMakerViewModel.swift */,
			);
			path = ViewModels;
			sourceTree = "<group>";
		};
		28ABE4A4239C0EEE00CE217B = {
			isa = PBXGroup;
			children = (
				28ABE4AF239C0EEE00CE217B /* SwiftUIHomeWork */,
				28ABE4AE239C0EEE00CE217B /* Products */,
			);
			sourceTree = "<group>";
		};
		28ABE4AE239C0EEE00CE217B /* Products */ = {
			isa = PBXGroup;
			children = (
				28ABE4AD239C0EEE00CE217B /* SwiftUIHomeWork.app */,
			);
			name = Products;
			sourceTree = "<group>";
		};
		28ABE4AF239C0EEE00CE217B /* SwiftUIHomeWork */ = {
			isa = PBXGroup;
			children = (
				28A43AC723C4834200D9C69B /* ViewModels */,
				287AFC0D239D31040093ECF4 /* Views */,
				28ABE4B0239C0EEE00CE217B /* AppDelegate.swift */,
				28ABE4B2239C0EEE00CE217B /* SceneDelegate.swift */,
				28ABE4B6239C0EEF00CE217B /* Assets.xcassets */,
				28ABE4BB239C0EEF00CE217B /* LaunchScreen.storyboard */,
				28ABE4BE239C0EEF00CE217B /* Info.plist */,
				28ABE4B8239C0EEF00CE217B /* Preview Content */,
				28D5F21E23C480B700A45A55 /* ActivityIndicator.swift */,
			);
			path = SwiftUIHomeWork;
			sourceTree = "<group>";
		};
		28ABE4B8239C0EEF00CE217B /* Preview Content */ = {
			isa = PBXGroup;
			children = (
				28ABE4B9239C0EEF00CE217B /* Preview Assets.xcassets */,
			);
			path = "Preview Content";
			sourceTree = "<group>";
		};
/* End PBXGroup section */

/* Begin PBXNativeTarget section */
		28ABE4AC239C0EEE00CE217B /* SwiftUIHomeWork */ = {
			isa = PBXNativeTarget;
			buildConfigurationList = 28ABE4C1239C0EEF00CE217B /* Build configuration list for PBXNativeTarget "SwiftUIHomeWork" */;
			buildPhases = (
				28ABE4A9239C0EEE00CE217B /* Sources */,
				28ABE4AA239C0EEE00CE217B /* Frameworks */,
				28ABE4AB239C0EEE00CE217B /* Resources */,
			);
			buildRules = (
			);
			dependencies = (
			);
			name = SwiftUIHomeWork;
			packageProductDependencies = (
				287AFC0B239D2FC00093ECF4 /* BetterSheet */,
			);
			productName = SwiftUIHomeWork;
			productReference = 28ABE4AD239C0EEE00CE217B /* SwiftUIHomeWork.app */;
			productType = "com.apple.product-type.application";
		};
/* End PBXNativeTarget section */

/* Begin PBXProject section */
		28ABE4A5239C0EEE00CE217B /* Project object */ = {
			isa = PBXProject;
			attributes = {
				LastSwiftUpdateCheck = 1120;
				LastUpgradeCheck = 1120;
				ORGANIZATIONNAME = NA;
				TargetAttributes = {
					28ABE4AC239C0EEE00CE217B = {
						CreatedOnToolsVersion = 11.2.1;
					};
				};
			};
			buildConfigurationList = 28ABE4A8239C0EEE00CE217B /* Build configuration list for PBXProject "SwiftUIHomeWork" */;
			compatibilityVersion = "Xcode 9.3";
			developmentRegion = en;
			hasScannedForEncodings = 0;
			knownRegions = (
				en,
				Base,
			);
			mainGroup = 28ABE4A4239C0EEE00CE217B;
			packageReferences = (
				287AFC0A239D2FC00093ECF4 /* XCRemoteSwiftPackageReference "BetterSheet" */,
			);
			productRefGroup = 28ABE4AE239C0EEE00CE217B /* Products */;
			projectDirPath = "";
			projectRoot = "";
			targets = (
				28ABE4AC239C0EEE00CE217B /* SwiftUIHomeWork */,
			);
		};
/* End PBXProject section */

/* Begin PBXResourcesBuildPhase section */
		28ABE4AB239C0EEE00CE217B /* Resources */ = {
			isa = PBXResourcesBuildPhase;
			buildActionMask = 2147483647;
			files = (
				28ABE4BD239C0EEF00CE217B /* LaunchScreen.storyboard in Resources */,
				28ABE4BA239C0EEF00CE217B /* Preview Assets.xcassets in Resources */,
				28ABE4B7239C0EEF00CE217B /* Assets.xcassets in Resources */,
			);
			runOnlyForDeploymentPostprocessing = 0;
		};
/* End PBXResourcesBuildPhase section */

/* Begin PBXSourcesBuildPhase section */
		28ABE4A9239C0EEE00CE217B /* Sources */ = {
			isa = PBXSourcesBuildPhase;
			buildActionMask = 2147483647;
			files = (
				287AFC09239D16400093ECF4 /* MakerView.swift in Sources */,
				28ABE4B1239C0EEE00CE217B /* AppDelegate.swift in Sources */,
				28A43AC923C4835800D9C69B /* CarMakerViewModel.swift in Sources */,
				2816B646239C204F00815CD5 /* MakerListView.swift in Sources */,
				287AFC0F239D31370093ECF4 /* StartView.swift in Sources */,
				2882472E23C48A9D0036032F /* TwoColumnView.swift in Sources */,
				28D5F21F23C480B700A45A55 /* ActivityIndicator.swift in Sources */,
				287AFC11239D32550093ECF4 /* StartModalView.swift in Sources */,
				28ABE4B3239C0EEE00CE217B /* SceneDelegate.swift in Sources */,
				28ABE4B5239C0EEE00CE217B /* MainView.swift in Sources */,
			);
			runOnlyForDeploymentPostprocessing = 0;
		};
/* End PBXSourcesBuildPhase section */

/* Begin PBXVariantGroup section */
		28ABE4BB239C0EEF00CE217B /* LaunchScreen.storyboard */ = {
			isa = PBXVariantGroup;
			children = (
				28ABE4BC239C0EEF00CE217B /* Base */,
			);
			name = LaunchScreen.storyboard;
			sourceTree = "<group>";
		};
/* End PBXVariantGroup section */

/* Begin XCBuildConfiguration section */
		28ABE4BF239C0EEF00CE217B /* Debug */ = {
			isa = XCBuildConfiguration;
			buildSettings = {
				ALWAYS_SEARCH_USER_PATHS = NO;
				CLANG_ANALYZER_NONNULL = YES;
				CLANG_ANALYZER_NUMBER_OBJECT_CONVERSION = YES_AGGRESSIVE;
				CLANG_CXX_LANGUAGE_STANDARD = "gnu++14";
				CLANG_CXX_LIBRARY = "libc++";
				CLANG_ENABLE_MODULES = YES;
				CLANG_ENABLE_OBJC_ARC = YES;
				CLANG_ENABLE_OBJC_WEAK = YES;
				CLANG_WARN_BLOCK_CAPTURE_AUTORELEASING = YES;
				CLANG_WARN_BOOL_CONVERSION = YES;
				CLANG_WARN_COMMA = YES;
				CLANG_WARN_CONSTANT_CONVERSION = YES;
				CLANG_WARN_DEPRECATED_OBJC_IMPLEMENTATIONS = YES;
				CLANG_WARN_DIRECT_OBJC_ISA_USAGE = YES_ERROR;
				CLANG_WARN_DOCUMENTATION_COMMENTS = YES;
				CLANG_WARN_EMPTY_BODY = YES;
				CLANG_WARN_ENUM_CONVERSION = YES;
				CLANG_WARN_INFINITE_RECURSION = YES;
				CLANG_WARN_INT_CONVERSION = YES;
				CLANG_WARN_NON_LITERAL_NULL_CONVERSION = YES;
				CLANG_WARN_OBJC_IMPLICIT_RETAIN_SELF = YES;
				CLANG_WARN_OBJC_LITERAL_CONVERSION = YES;
				CLANG_WARN_OBJC_ROOT_CLASS = YES_ERROR;
				CLANG_WARN_RANGE_LOOP_ANALYSIS = YES;
				CLANG_WARN_STRICT_PROTOTYPES = YES;
				CLANG_WARN_SUSPICIOUS_MOVE = YES;
				CLANG_WARN_UNGUARDED_AVAILABILITY = YES_AGGRESSIVE;
				CLANG_WARN_UNREACHABLE_CODE = YES;
				CLANG_WARN__DUPLICATE_METHOD_MATCH = YES;
				COPY_PHASE_STRIP = NO;
				DEBUG_INFORMATION_FORMAT = dwarf;
				ENABLE_STRICT_OBJC_MSGSEND = YES;
				ENABLE_TESTABILITY = YES;
				GCC_C_LANGUAGE_STANDARD = gnu11;
				GCC_DYNAMIC_NO_PIC = NO;
				GCC_NO_COMMON_BLOCKS = YES;
				GCC_OPTIMIZATION_LEVEL = 0;
				GCC_PREPROCESSOR_DEFINITIONS = (
					"DEBUG=1",
					"$(inherited)",
				);
				GCC_WARN_64_TO_32_BIT_CONVERSION = YES;
				GCC_WARN_ABOUT_RETURN_TYPE = YES_ERROR;
				GCC_WARN_UNDECLARED_SELECTOR = YES;
				GCC_WARN_UNINITIALIZED_AUTOS = YES_AGGRESSIVE;
				GCC_WARN_UNUSED_FUNCTION = YES;
				GCC_WARN_UNUSED_VARIABLE = YES;
				IPHONEOS_DEPLOYMENT_TARGET = 13.2;
				MTL_ENABLE_DEBUG_INFO = INCLUDE_SOURCE;
				MTL_FAST_MATH = YES;
				ONLY_ACTIVE_ARCH = YES;
				SDKROOT = iphoneos;
				SWIFT_ACTIVE_COMPILATION_CONDITIONS = DEBUG;
				SWIFT_OPTIMIZATION_LEVEL = "-Onone";
			};
			name = Debug;
		};
		28ABE4C0239C0EEF00CE217B /* Release */ = {
			isa = XCBuildConfiguration;
			buildSettings = {
				ALWAYS_SEARCH_USER_PATHS = NO;
				CLANG_ANALYZER_NONNULL = YES;
				CLANG_ANALYZER_NUMBER_OBJECT_CONVERSION = YES_AGGRESSIVE;
				CLANG_CXX_LANGUAGE_STANDARD = "gnu++14";
				CLANG_CXX_LIBRARY = "libc++";
				CLANG_ENABLE_MODULES = YES;
				CLANG_ENABLE_OBJC_ARC = YES;
				CLANG_ENABLE_OBJC_WEAK = YES;
				CLANG_WARN_BLOCK_CAPTURE_AUTORELEASING = YES;
				CLANG_WARN_BOOL_CONVERSION = YES;
				CLANG_WARN_COMMA = YES;
				CLANG_WARN_CONSTANT_CONVERSION = YES;
				CLANG_WARN_DEPRECATED_OBJC_IMPLEMENTATIONS = YES;
				CLANG_WARN_DIRECT_OBJC_ISA_USAGE = YES_ERROR;
				CLANG_WARN_DOCUMENTATION_COMMENTS = YES;
				CLANG_WARN_EMPTY_BODY = YES;
				CLANG_WARN_ENUM_CONVERSION = YES;
				CLANG_WARN_INFINITE_RECURSION = YES;
				CLANG_WARN_INT_CONVERSION = YES;
				CLANG_WARN_NON_LITERAL_NULL_CONVERSION = YES;
				CLANG_WARN_OBJC_IMPLICIT_RETAIN_SELF = YES;
				CLANG_WARN_OBJC_LITERAL_CONVERSION = YES;
				CLANG_WARN_OBJC_ROOT_CLASS = YES_ERROR;
				CLANG_WARN_RANGE_LOOP_ANALYSIS = YES;
				CLANG_WARN_STRICT_PROTOTYPES = YES;
				CLANG_WARN_SUSPICIOUS_MOVE = YES;
				CLANG_WARN_UNGUARDED_AVAILABILITY = YES_AGGRESSIVE;
				CLANG_WARN_UNREACHABLE_CODE = YES;
				CLANG_WARN__DUPLICATE_METHOD_MATCH = YES;
				COPY_PHASE_STRIP = NO;
				DEBUG_INFORMATION_FORMAT = "dwarf-with-dsym";
				ENABLE_NS_ASSERTIONS = NO;
				ENABLE_STRICT_OBJC_MSGSEND = YES;
				GCC_C_LANGUAGE_STANDARD = gnu11;
				GCC_NO_COMMON_BLOCKS = YES;
				GCC_WARN_64_TO_32_BIT_CONVERSION = YES;
				GCC_WARN_ABOUT_RETURN_TYPE = YES_ERROR;
				GCC_WARN_UNDECLARED_SELECTOR = YES;
				GCC_WARN_UNINITIALIZED_AUTOS = YES_AGGRESSIVE;
				GCC_WARN_UNUSED_FUNCTION = YES;
				GCC_WARN_UNUSED_VARIABLE = YES;
				IPHONEOS_DEPLOYMENT_TARGET = 13.2;
				MTL_ENABLE_DEBUG_INFO = NO;
				MTL_FAST_MATH = YES;
				SDKROOT = iphoneos;
				SWIFT_COMPILATION_MODE = wholemodule;
				SWIFT_OPTIMIZATION_LEVEL = "-O";
				VALIDATE_PRODUCT = YES;
			};
			name = Release;
		};
		28ABE4C2239C0EEF00CE217B /* Debug */ = {
			isa = XCBuildConfiguration;
			buildSettings = {
				ASSETCATALOG_COMPILER_APPICON_NAME = AppIcon;
				CODE_SIGN_STYLE = Automatic;
				DEVELOPMENT_ASSET_PATHS = "\"SwiftUIHomeWork/Preview Content\"";
				DEVELOPMENT_TEAM = BFHS8LL8LD;
				ENABLE_PREVIEWS = YES;
				INFOPLIST_FILE = SwiftUIHomeWork/Info.plist;
				LD_RUNPATH_SEARCH_PATHS = (
					"$(inherited)",
					"@executable_path/Frameworks",
				);
				PRODUCT_BUNDLE_IDENTIFIER = AT.SwiftUIHomeWork;
				PRODUCT_NAME = "$(TARGET_NAME)";
				SWIFT_VERSION = 5.0;
				TARGETED_DEVICE_FAMILY = "1,2";
			};
			name = Debug;
		};
		28ABE4C3239C0EEF00CE217B /* Release */ = {
			isa = XCBuildConfiguration;
			buildSettings = {
				ASSETCATALOG_COMPILER_APPICON_NAME = AppIcon;
				CODE_SIGN_STYLE = Automatic;
				DEVELOPMENT_ASSET_PATHS = "\"SwiftUIHomeWork/Preview Content\"";
				DEVELOPMENT_TEAM = BFHS8LL8LD;
				ENABLE_PREVIEWS = YES;
				INFOPLIST_FILE = SwiftUIHomeWork/Info.plist;
				LD_RUNPATH_SEARCH_PATHS = (
					"$(inherited)",
					"@executable_path/Frameworks",
				);
				PRODUCT_BUNDLE_IDENTIFIER = AT.SwiftUIHomeWork;
				PRODUCT_NAME = "$(TARGET_NAME)";
				SWIFT_VERSION = 5.0;
				TARGETED_DEVICE_FAMILY = "1,2";
			};
			name = Release;
		};
/* End XCBuildConfiguration section */

/* Begin XCConfigurationList section */
		28ABE4A8239C0EEE00CE217B /* Build configuration list for PBXProject "SwiftUIHomeWork" */ = {
			isa = XCConfigurationList;
			buildConfigurations = (
				28ABE4BF239C0EEF00CE217B /* Debug */,
				28ABE4C0239C0EEF00CE217B /* Release */,
			);
			defaultConfigurationIsVisible = 0;
			defaultConfigurationName = Release;
		};
		28ABE4C1239C0EEF00CE217B /* Build configuration list for PBXNativeTarget "SwiftUIHomeWork" */ = {
			isa = XCConfigurationList;
			buildConfigurations = (
				28ABE4C2239C0EEF00CE217B /* Debug */,
				28ABE4C3239C0EEF00CE217B /* Release */,
			);
			defaultConfigurationIsVisible = 0;
			defaultConfigurationName = Release;
		};
/* End XCConfigurationList section */

/* Begin XCRemoteSwiftPackageReference section */
		287AFC0A239D2FC00093ECF4 /* XCRemoteSwiftPackageReference "BetterSheet" */ = {
			isa = XCRemoteSwiftPackageReference;
			repositoryURL = "git@github.com:egeniq/BetterSheet.git";
			requirement = {
				kind = upToNextMajorVersion;
				minimumVersion = 1.0.0;
			};
		};
/* End XCRemoteSwiftPackageReference section */

/* Begin XCSwiftPackageProductDependency section */
		287AFC0B239D2FC00093ECF4 /* BetterSheet */ = {
			isa = XCSwiftPackageProductDependency;
			package = 287AFC0A239D2FC00093ECF4 /* XCRemoteSwiftPackageReference "BetterSheet" */;
			productName = BetterSheet;
		};
/* End XCSwiftPackageProductDependency section */
	};
	rootObject = 28ABE4A5239C0EEE00CE217B /* Project object */;
}
